# THIS IS AN AUTOGENERATED FILE. DO NOT EDIT THIS FILE DIRECTLY.
# yarn lockfile v1


tarn@^1.1.4:
  version "1.1.4"
  resolved "https://registry.yarnpkg.com/tarn/-/tarn-1.1.4.tgz#aeeb85964b1afa0bbf381359c1167df237c27b6a"
  integrity sha512-j4samMCQCP5+6Il9/cxCqBd3x4vvlLeVdoyGex0KixPKl4F8LpNbDSC6NDhjianZgUngElRr9UI1ryZqJDhwGg==

yarn@^1.13.0:
  version "1.13.0"
  resolved "https://registry.yarnpkg.com/yarn/-/yarn-1.13.0.tgz#affa9c956739548024068532a902cf18c9cb523f"
  integrity sha512-Unfw2eefv8imt4ZMPhvFVP44WCz38huDxkHs+Yqrx4wBTK75Tr0mh3V4rh+2Nw5iQq0rcM/VafotCZo9qTb5DA==
